
Microsoft Visual Studio Solution File, Format Version 12.00
# Visual Studio 15
VisualStudioVersion = 15.0.27703.2035
MinimumVisualStudioVersion = 10.0.40219.1
Project("{FAE04EC0-301F-11D3-BF4B-00C04F79EFBC}") = "XF.ExemploDS.Android", "XF.ExemploDS\XF.ExemploDS.Android\XF.ExemploDS.Android.csproj", "{BE6BA9C6-AFBD-47C8-A50B-816D9E40E982}"
EndProject
Project("{FAE04EC0-301F-11D3-BF4B-00C04F79EFBC}") = "XF.ExemploDS.iOS", "XF.ExemploDS\XF.ExemploDS.iOS\XF.ExemploDS.iOS.csproj", "{E2B12A1D-883D-46C1-8BD2-708DCEE56FD3}"
EndProject
Project("{FAE04EC0-301F-11D3-BF4B-00C04F79EFBC}") = "XF.ExemploDS", "XF.ExemploDS\XF.ExemploDS\XF.ExemploDS.csproj", "{E910E8B2-91CC-4C0B-A9F5-09696BB61202}"
EndProject
Global
	GlobalSection(SolutionConfigurationPlatforms) = preSolution
		Ad-Hoc|Any CPU = Ad-Hoc|Any CPU
		Ad-Hoc|iPhone = Ad-Hoc|iPhone
		Ad-Hoc|iPhoneSimulator = Ad-Hoc|iPhoneSimulator
		AppStore|Any CPU = AppStore|Any CPU
		AppStore|iPhone = AppStore|iPhone
		AppStore|iPhoneSimulator = AppStore|iPhoneSimulator
		Debug|Any CPU = Debug|Any CPU
		Debug|iPhone = Debug|iPhone
		Debug|iPhoneSimulator = Debug|iPhoneSimulator
		Release|Any CPU = Release|Any CPU
		Release|iPhone = Release|iPhone
		Release|iPhoneSimulator = Release|iPhoneSimulator
	EndGlobalSection
	GlobalSection(ProjectConfigurationPlatforms) = postSolution
		{BE6BA9C6-AFBD-47C8-A50B-816D9E40E982}.Ad-Hoc|Any CPU.ActiveCfg = Release|Any CPU
		{BE6BA9C6-AFBD-47C8-A50B-816D9E40E982}.Ad-Hoc|Any CPU.Build.0 = Release|Any CPU
		{BE6BA9C6-AFBD-47C8-A50B-816D9E40E982}.Ad-Hoc|Any CPU.Deploy.0 = Release|Any CPU
		{BE6BA9C6-AFBD-47C8-A50B-816D9E40E982}.Ad-Hoc|iPhone.ActiveCfg = Release|Any CPU
		{BE6BA9C6-AFBD-47C8-A50B-816D9E40E982}.Ad-Hoc|iPhone.Build.0 = Release|Any CPU
		{BE6BA9C6-AFBD-47C8-A50B-816D9E40E982}.Ad-Hoc|iPhone.Deploy.0 = Release|Any CPU
		{BE6BA9C6-AFBD-47C8-A50B-816D9E40E982}.Ad-Hoc|iPhoneSimulator.ActiveCfg = Release|Any CPU
		{BE6BA9C6-AFBD-47C8-A50B-816D9E40E982}.Ad-Hoc|iPhoneSimulator.Build.0 = Release|Any CPU
		{BE6BA9C6-AFBD-47C8-A50B-816D9E40E982}.Ad-Hoc|iPhoneSimulator.Deploy.0 = Release|Any CPU
		{BE6BA9C6-AFBD-47C8-A50B-816D9E40E982}.AppStore|Any CPU.ActiveCfg = Release|Any CPU
		{BE6BA9C6-AFBD-47C8-A50B-816D9E40E982}.AppStore|Any CPU.Build.0 = Release|Any CPU
		{BE6BA9C6-AFBD-47C8-A50B-816D9E40E982}.AppStore|Any CPU.Deploy.0 = Release|Any CPU
		{BE6BA9C6-AFBD-47C8-A50B-816D9E40E982}.AppStore|iPhone.ActiveCfg = Release|Any CPU
		{BE6BA9C6-AFBD-47C8-A50B-816D9E40E982}.AppStore|iPhone.Build.0 = Release|Any CPU
		{BE6BA9C6-AFBD-47C8-A50B-816D9E40E982}.AppStore|iPhone.Deploy.0 = Release|Any CPU
		{BE6BA9C6-AFBD-47C8-A50B-816D9E40E982}.AppStore|iPhoneSimulator.ActiveCfg = Release|Any CPU
		{BE6BA9C6-AFBD-47C8-A50B-816D9E40E982}.AppStore|iPhoneSimulator.Build.0 = Release|Any CPU
		{BE6BA9C6-AFBD-47C8-A50B-816D9E40E982}.AppStore|iPhoneSimulator.Deploy.0 = Release|Any CPU
		{BE6BA9C6-AFBD-47C8-A50B-816D9E40E982}.Debug|Any CPU.ActiveCfg = Debug|Any CPU
		{BE6BA9C6-AFBD-47C8-A50B-816D9E40E982}.Debug|Any CPU.Build.0 = Debug|Any CPU
		{BE6BA9C6-AFBD-47C8-A50B-816D9E40E982}.Debug|Any CPU.Deploy.0 = Debug|Any CPU
		{BE6BA9C6-AFBD-47C8-A50B-816D9E40E982}.Debug|iPhone.ActiveCfg = Debug|Any CPU
		{BE6BA9C6-AFBD-47C8-A50B-816D9E40E982}.Debug|iPhone.Build.0 = Debug|Any CPU
		{BE6BA9C6-AFBD-47C8-A50B-816D9E40E982}.Debug|iPhone.Deploy.0 = Debug|Any CPU
		{BE6BA9C6-AFBD-47C8-A50B-816D9E40E982}.Debug|iPhoneSimulator.ActiveCfg = Debug|Any CPU
		{BE6BA9C6-AFBD-47C8-A50B-816D9E40E982}.Debug|iPhoneSimulator.Build.0 = Debug|Any CPU
		{BE6BA9C6-AFBD-47C8-A50B-816D9E40E982}.Debug|iPhoneSimulator.Deploy.0 = Debug|Any CPU
		{BE6BA9C6-AFBD-47C8-A50B-816D9E40E982}.Release|Any CPU.ActiveCfg = Release|Any CPU
		{BE6BA9C6-AFBD-47C8-A50B-816D9E40E982}.Release|Any CPU.Build.0 = Release|Any CPU
		{BE6BA9C6-AFBD-47C8-A50B-816D9E40E982}.Release|Any CPU.Deploy.0 = Release|Any CPU
		{BE6BA9C6-AFBD-47C8-A50B-816D9E40E982}.Release|iPhone.ActiveCfg = Release|Any CPU
		{BE6BA9C6-AFBD-47C8-A50B-816D9E40E982}.Release|iPhone.Build.0 = Release|Any CPU
		{BE6BA9C6-AFBD-47C8-A50B-816D9E40E982}.Release|iPhone.Deploy.0 = Release|Any CPU
		{BE6BA9C6-AFBD-47C8-A50B-816D9E40E982}.Release|iPhoneSimulator.ActiveCfg = Release|Any CPU
		{BE6BA9C6-AFBD-47C8-A50B-816D9E40E982}.Release|iPhoneSimulator.Build.0 = Release|Any CPU
		{BE6BA9C6-AFBD-47C8-A50B-816D9E40E982}.Release|iPhoneSimulator.Deploy.0 = Release|Any CPU
		{E2B12A1D-883D-46C1-8BD2-708DCEE56FD3}.Ad-Hoc|Any CPU.ActiveCfg = Ad-Hoc|iPhone
		{E2B12A1D-883D-46C1-8BD2-708DCEE56FD3}.Ad-Hoc|Any CPU.Build.0 = Ad-Hoc|iPhone
		{E2B12A1D-883D-46C1-8BD2-708DCEE56FD3}.Ad-Hoc|Any CPU.Deploy.0 = Ad-Hoc|iPhone
		{E2B12A1D-883D-46C1-8BD2-708DCEE56FD3}.Ad-Hoc|iPhone.ActiveCfg = Ad-Hoc|iPhone
		{E2B12A1D-883D-46C1-8BD2-708DCEE56FD3}.Ad-Hoc|iPhone.Build.0 = Ad-Hoc|iPhone
		{E2B12A1D-883D-46C1-8BD2-708DCEE56FD3}.Ad-Hoc|iPhone.Deploy.0 = Ad-Hoc|iPhone
		{E2B12A1D-883D-46C1-8BD2-708DCEE56FD3}.Ad-Hoc|iPhoneSimulator.ActiveCfg = Ad-Hoc|iPhoneSimulator
		{E2B12A1D-883D-46C1-8BD2-708DCEE56FD3}.Ad-Hoc|iPhoneSimulator.Build.0 = Ad-Hoc|iPhoneSimulator
		{E2B12A1D-883D-46C1-8BD2-708DCEE56FD3}.Ad-Hoc|iPhoneSimulator.Deploy.0 = Ad-Hoc|iPhoneSimulator
		{E2B12A1D-883D-46C1-8BD2-708DCEE56FD3}.AppStore|Any CPU.ActiveCfg = AppStore|iPhone
		{E2B12A1D-883D-46C1-8BD2-708DCEE56FD3}.AppStore|Any CPU.Build.0 = AppStore|iPhone
		{E2B12A1D-883D-46C1-8BD2-708DCEE56FD3}.AppStore|Any CPU.Deploy.0 = AppStore|iPhone
		{E2B12A1D-883D-46C1-8BD2-708DCEE56FD3}.AppStore|iPhone.ActiveCfg = AppStore|iPhone
		{E2B12A1D-883D-46C1-8BD2-708DCEE56FD3}.AppStore|iPhone.Build.0 = AppStore|iPhone
		{E2B12A1D-883D-46C1-8BD2-708DCEE56FD3}.AppStore|iPhone.Deploy.0 = AppStore|iPhone
		{E2B12A1D-883D-46C1-8BD2-708DCEE56FD3}.AppStore|iPhoneSimulator.ActiveCfg = AppStore|iPhoneSimulator
		{E2B12A1D-883D-46C1-8BD2-708DCEE56FD3}.AppStore|iPhoneSimulator.Build.0 = AppStore|iPhoneSimulator
		{E2B12A1D-883D-46C1-8BD2-708DCEE56FD3}.AppStore|iPhoneSimulator.Deploy.0 = AppStore|iPhoneSimulator
		{E2B12A1D-883D-46C1-8BD2-708DCEE56FD3}.Debug|Any CPU.ActiveCfg = Debug|iPhoneSimulator
		{E2B12A1D-883D-46C1-8BD2-708DCEE56FD3}.Debug|Any CPU.Build.0 = Debug|iPhoneSimulator
		{E2B12A1D-883D-46C1-8BD2-708DCEE56FD3}.Debug|Any CPU.Deploy.0 = Debug|iPhoneSimulator
		{E2B12A1D-883D-46C1-8BD2-708DCEE56FD3}.Debug|iPhone.ActiveCfg = Debug|iPhone
		{E2B12A1D-883D-46C1-8BD2-708DCEE56FD3}.Debug|iPhone.Build.0 = Debug|iPhone
		{E2B12A1D-883D-46C1-8BD2-708DCEE56FD3}.Debug|iPhone.Deploy.0 = Debug|iPhone
		{E2B12A1D-883D-46C1-8BD2-708DCEE56FD3}.Debug|iPhoneSimulator.ActiveCfg = Debug|iPhoneSimulator
		{E2B12A1D-883D-46C1-8BD2-708DCEE56FD3}.Debug|iPhoneSimulator.Build.0 = Debug|iPhoneSimulator
		{E2B12A1D-883D-46C1-8BD2-708DCEE56FD3}.Debug|iPhoneSimulator.Deploy.0 = Debug|iPhoneSimulator
		{E2B12A1D-883D-46C1-8BD2-708DCEE56FD3}.Release|Any CPU.ActiveCfg = Release|iPhone
		{E2B12A1D-883D-46C1-8BD2-708DCEE56FD3}.Release|Any CPU.Build.0 = Release|iPhone
		{E2B12A1D-883D-46C1-8BD2-708DCEE56FD3}.Release|Any CPU.Deploy.0 = Release|iPhone
		{E2B12A1D-883D-46C1-8BD2-708DCEE56FD3}.Release|iPhone.ActiveCfg = Release|iPhone
		{E2B12A1D-883D-46C1-8BD2-708DCEE56FD3}.Release|iPhone.Build.0 = Release|iPhone
		{E2B12A1D-883D-46C1-8BD2-708DCEE56FD3}.Release|iPhone.Deploy.0 = Release|iPhone
		{E2B12A1D-883D-46C1-8BD2-708DCEE56FD3}.Release|iPhoneSimulator.ActiveCfg = Release|iPhoneSimulator
		{E2B12A1D-883D-46C1-8BD2-708DCEE56FD3}.Release|iPhoneSimulator.Build.0 = Release|iPhoneSimulator
		{E2B12A1D-883D-46C1-8BD2-708DCEE56FD3}.Release|iPhoneSimulator.Deploy.0 = Release|iPhoneSimulator
		{E910E8B2-91CC-4C0B-A9F5-09696BB61202}.Ad-Hoc|Any CPU.ActiveCfg = Debug|Any CPU
		{E910E8B2-91CC-4C0B-A9F5-09696BB61202}.Ad-Hoc|Any CPU.Build.0 = Debug|Any CPU
		{E910E8B2-91CC-4C0B-A9F5-09696BB61202}.Ad-Hoc|Any CPU.Deploy.0 = Debug|Any CPU
		{E910E8B2-91CC-4C0B-A9F5-09696BB61202}.Ad-Hoc|iPhone.ActiveCfg = Debug|Any CPU
		{E910E8B2-91CC-4C0B-A9F5-09696BB61202}.Ad-Hoc|iPhone.Build.0 = Debug|Any CPU
		{E910E8B2-91CC-4C0B-A9F5-09696BB61202}.Ad-Hoc|iPhone.Deploy.0 = Debug|Any CPU
		{E910E8B2-91CC-4C0B-A9F5-09696BB61202}.Ad-Hoc|iPhoneSimulator.ActiveCfg = Debug|Any CPU
		{E910E8B2-91CC-4C0B-A9F5-09696BB61202}.Ad-Hoc|iPhoneSimulator.Build.0 = Debug|Any CPU
		{E910E8B2-91CC-4C0B-A9F5-09696BB61202}.Ad-Hoc|iPhoneSimulator.Deploy.0 = Debug|Any CPU
		{E910E8B2-91CC-4C0B-A9F5-09696BB61202}.AppStore|Any CPU.ActiveCfg = Debug|Any CPU
		{E910E8B2-91CC-4C0B-A9F5-09696BB61202}.AppStore|Any CPU.Build.0 = Debug|Any CPU
		{E910E8B2-91CC-4C0B-A9F5-09696BB61202}.AppStore|Any CPU.Deploy.0 = Debug|Any CPU
		{E910E8B2-91CC-4C0B-A9F5-09696BB61202}.AppStore|iPhone.ActiveCfg = Debug|Any CPU
		{E910E8B2-91CC-4C0B-A9F5-09696BB61202}.AppStore|iPhone.Build.0 = Debug|Any CPU
		{E910E8B2-91CC-4C0B-A9F5-09696BB61202}.AppStore|iPhone.Deploy.0 = Debug|Any CPU
		{E910E8B2-91CC-4C0B-A9F5-09696BB61202}.AppStore|iPhoneSimulator.ActiveCfg = Debug|Any CPU
		{E910E8B2-91CC-4C0B-A9F5-09696BB61202}.AppStore|iPhoneSimulator.Build.0 = Debug|Any CPU
		{E910E8B2-91CC-4C0B-A9F5-09696BB61202}.AppStore|iPhoneSimulator.Deploy.0 = Debug|Any CPU
		{E910E8B2-91CC-4C0B-A9F5-09696BB61202}.Debug|Any CPU.ActiveCfg = Debug|Any CPU
		{E910E8B2-91CC-4C0B-A9F5-09696BB61202}.Debug|Any CPU.Build.0 = Debug|Any CPU
		{E910E8B2-91CC-4C0B-A9F5-09696BB61202}.Debug|Any CPU.Deploy.0 = Debug|Any CPU
		{E910E8B2-91CC-4C0B-A9F5-09696BB61202}.Debug|iPhone.ActiveCfg = Debug|Any CPU
		{E910E8B2-91CC-4C0B-A9F5-09696BB61202}.Debug|iPhone.Build.0 = Debug|Any CPU
		{E910E8B2-91CC-4C0B-A9F5-09696BB61202}.Debug|iPhone.Deploy.0 = Debug|Any CPU
		{E910E8B2-91CC-4C0B-A9F5-09696BB61202}.Debug|iPhoneSimulator.ActiveCfg = Debug|Any CPU
		{E910E8B2-91CC-4C0B-A9F5-09696BB61202}.Debug|iPhoneSimulator.Build.0 = Debug|Any CPU
		{E910E8B2-91CC-4C0B-A9F5-09696BB61202}.Debug|iPhoneSimulator.Deploy.0 = Debug|Any CPU
		{E910E8B2-91CC-4C0B-A9F5-09696BB61202}.Release|Any CPU.ActiveCfg = Release|Any CPU
		{E910E8B2-91CC-4C0B-A9F5-09696BB61202}.Release|Any CPU.Build.0 = Release|Any CPU
		{E910E8B2-91CC-4C0B-A9F5-09696BB61202}.Release|Any CPU.Deploy.0 = Release|Any CPU
		{E910E8B2-91CC-4C0B-A9F5-09696BB61202}.Release|iPhone.ActiveCfg = Release|Any CPU
		{E910E8B2-91CC-4C0B-A9F5-09696BB61202}.Release|iPhone.Build.0 = Release|Any CPU
		{E910E8B2-91CC-4C0B-A9F5-09696BB61202}.Release|iPhone.Deploy.0 = Release|Any CPU
		{E910E8B2-91CC-4C0B-A9F5-09696BB61202}.Release|iPhoneSimulator.ActiveCfg = Release|Any CPU
		{E910E8B2-91CC-4C0B-A9F5-09696BB61202}.Release|iPhoneSimulator.Build.0 = Release|Any CPU
		{E910E8B2-91CC-4C0B-A9F5-09696BB61202}.Release|iPhoneSimulator.Deploy.0 = Release|Any CPU
	EndGlobalSection
	GlobalSection(SolutionProperties) = preSolution
		HideSolutionNode = FALSE
	EndGlobalSection
	GlobalSection(ExtensibilityGlobals) = postSolution
		SolutionGuid = {CD984EC1-61C0-4D10-B4B8-ADDEBF64971E}
	EndGlobalSection
EndGlobal
